Microsoft Visual Studio Solution File, Format Version 12.00
# Visual Studio Version 17
VisualStudioVersion = 17.13.35919.96
MinimumVisualStudioVersion = 10.0.40219.1
Project("{FAE04EC0-301F-11D3-BF4B-00C04F79EFBC}") = "Orbital7.Extraction", "Orbital7.Extraction\Orbital7.Extraction.csproj", "{81A60BC6-A5D1-4BF0-9519-E8E5E5F520A7}"
EndProject
Project("{2150E333-8FDC-42A3-9474-1A3956D46DE8}") = "Apps", "Apps", "{02EA681E-C7D8-13C7-8484-4AC65E1B71E8}"
EndProject
Project("{FAE04EC0-301F-11D3-BF4B-00C04F79EFBC}") = "ScriptJobsConsole", "Apps\ScriptJobsConsole\ScriptJobsConsole.csproj", "{1DE65B92-2C1E-48A8-BB81-19D8D674F013}"
EndProject
Global
	GlobalSection(SolutionConfigurationPlatforms) = preSolution
		Debug|Any CPU = Debug|Any CPU
		Release|Any CPU = Release|Any CPU
	EndGlobalSection
	GlobalSection(ProjectConfigurationPlatforms) = postSolution
		{81A60BC6-A5D1-4BF0-9519-E8E5E5F520A7}.Debug|Any CPU.ActiveCfg = Debug|Any CPU
		{81A60BC6-A5D1-4BF0-9519-E8E5E5F520A7}.Debug|Any CPU.Build.0 = Debug|Any CPU
		{81A60BC6-A5D1-4BF0-9519-E8E5E5F520A7}.Release|Any CPU.ActiveCfg = Release|Any CPU
		{81A60BC6-A5D1-4BF0-9519-E8E5E5F520A7}.Release|Any CPU.Build.0 = Release|Any CPU
		{1DE65B92-2C1E-48A8-BB81-19D8D674F013}.Debug|Any CPU.ActiveCfg = Debug|Any CPU
		{1DE65B92-2C1E-48A8-BB81-19D8D674F013}.Debug|Any CPU.Build.0 = Debug|Any CPU
		{1DE65B92-2C1E-48A8-BB81-19D8D674F013}.Release|Any CPU.ActiveCfg = Release|Any CPU
		{1DE65B92-2C1E-48A8-BB81-19D8D674F013}.Release|Any CPU.Build.0 = Release|Any CPU
	EndGlobalSection
	GlobalSection(SolutionProperties) = preSolution
		HideSolutionNode = FALSE
	EndGlobalSection
	GlobalSection(NestedProjects) = preSolution
		{1DE65B92-2C1E-48A8-BB81-19D8D674F013} = {02EA681E-C7D8-13C7-8484-4AC65E1B71E8}
	EndGlobalSection
	GlobalSection(ExtensibilityGlobals) = postSolution
		SolutionGuid = {BDF5E19C-6E3F-4C90-8E34-E7A02582C81D}
	EndGlobalSection
EndGlobal
